
Microsoft Visual Studio Solution File, Format Version 12.00
# Visual Studio 2012
Project("{FAE04EC0-301F-11D3-BF4B-00C04F79EFBC}") = "Antlr3.Runtime", "antlr\Antlr3.Runtime\Antlr3.Runtime.csproj", "{8FDC0A87-9005-4D5A-AB75-E55CEB575559}"
EndProject
Project("{FAE04EC0-301F-11D3-BF4B-00C04F79EFBC}") = "Antlr3.Runtime.Debug", "antlr\Antlr3.Runtime.Debug\Antlr3.Runtime.Debug.csproj", "{5EE27A90-B023-42C9-AAF1-52B0424C5D0B}"
EndProject
Project("{FAE04EC0-301F-11D3-BF4B-00C04F79EFBC}") = "Antlr3.Runtime.JavaExtensions", "antlr\Antlr3.Runtime.JavaExtensions\Antlr3.Runtime.JavaExtensions.csproj", "{A7EEC557-EB14-451C-9616-B7A61F4ECE69}"
EndProject
Project("{FAE04EC0-301F-11D3-BF4B-00C04F79EFBC}") = "Antlr3.StringTemplate", "antlr\Antlr3.StringTemplate\Antlr3.StringTemplate.csproj", "{B5910BE2-DE21-4AA9-95C1-486F42B9E794}"
EndProject
Global
	GlobalSection(SolutionConfigurationPlatforms) = preSolution
		Debug|Any CPU = Debug|Any CPU
		Release|Any CPU = Release|Any CPU
	EndGlobalSection
	GlobalSection(ProjectConfigurationPlatforms) = postSolution
		{8FDC0A87-9005-4D5A-AB75-E55CEB575559}.Debug|Any CPU.ActiveCfg = Debug|Any CPU
		{8FDC0A87-9005-4D5A-AB75-E55CEB575559}.Debug|Any CPU.Build.0 = Debug|Any CPU
		{8FDC0A87-9005-4D5A-AB75-E55CEB575559}.Release|Any CPU.ActiveCfg = Release|Any CPU
		{8FDC0A87-9005-4D5A-AB75-E55CEB575559}.Release|Any CPU.Build.0 = Release|Any CPU
		{5EE27A90-B023-42C9-AAF1-52B0424C5D0B}.Debug|Any CPU.ActiveCfg = Debug|Any CPU
		{5EE27A90-B023-42C9-AAF1-52B0424C5D0B}.Debug|Any CPU.Build.0 = Debug|Any CPU
		{5EE27A90-B023-42C9-AAF1-52B0424C5D0B}.Release|Any CPU.ActiveCfg = Release|Any CPU
		{5EE27A90-B023-42C9-AAF1-52B0424C5D0B}.Release|Any CPU.Build.0 = Release|Any CPU
		{A7EEC557-EB14-451C-9616-B7A61F4ECE69}.Debug|Any CPU.ActiveCfg = Debug|Any CPU
		{A7EEC557-EB14-451C-9616-B7A61F4ECE69}.Debug|Any CPU.Build.0 = Debug|Any CPU
		{A7EEC557-EB14-451C-9616-B7A61F4ECE69}.Release|Any CPU.ActiveCfg = Release|Any CPU
		{A7EEC557-EB14-451C-9616-B7A61F4ECE69}.Release|Any CPU.Build.0 = Release|Any CPU
		{B5910BE2-DE21-4AA9-95C1-486F42B9E794}.Debug|Any CPU.ActiveCfg = Debug|Any CPU
		{B5910BE2-DE21-4AA9-95C1-486F42B9E794}.Debug|Any CPU.Build.0 = Debug|Any CPU
		{B5910BE2-DE21-4AA9-95C1-486F42B9E794}.Release|Any CPU.ActiveCfg = Release|Any CPU
		{B5910BE2-DE21-4AA9-95C1-486F42B9E794}.Release|Any CPU.Build.0 = Release|Any CPU
	EndGlobalSection
	GlobalSection(SolutionProperties) = preSolution
		HideSolutionNode = FALSE
	EndGlobalSection
EndGlobal
