
Microsoft Visual Studio Solution File, Format Version 12.00
# Visual Studio 2012
Project("{FAE04EC0-301F-11D3-BF4B-00C04F79EFBC}") = "TypeSql", "TypeSql\TypeSql.csproj", "{0993078F-20AF-4D73-81EA-C85A33402EA5}"
EndProject
Project("{2150E333-8FDC-42A3-9474-1A3956D46DE8}") = ".nuget", ".nuget", "{58F21E69-DDC0-470C-B50C-2780AFD15953}"
	ProjectSection(SolutionItems) = preProject
		.nuget\NuGet.Config = .nuget\NuGet.Config
		.nuget\NuGet.exe = .nuget\NuGet.exe
		.nuget\NuGet.targets = .nuget\NuGet.targets
	EndProjectSection
EndProject
Project("{2150E333-8FDC-42A3-9474-1A3956D46DE8}") = "Solution Items", "Solution Items", "{DEACEEF9-EB5C-44AF-92ED-8F20BDC3B1A9}"
	ProjectSection(SolutionItems) = preProject
		License.txt = License.txt
		Readme.md = Readme.md
		TypeSql.nuspec = TypeSql.nuspec
	EndProjectSection
EndProject
Project("{2150E333-8FDC-42A3-9474-1A3956D46DE8}") = "Test", "Test", "{4916D545-5CDC-456D-9D9A-C0DDFE1E7F19}"
EndProject
Project("{FAE04EC0-301F-11D3-BF4B-00C04F79EFBC}") = "TypeSql.UnitTests", "TypeSql.UnitTests\TypeSql.UnitTests.csproj", "{693AE8A4-0D97-4729-BDF6-8FF61544DF8A}"
EndProject
Project("{FAE04EC0-301F-11D3-BF4B-00C04F79EFBC}") = "TypeSql.DbTests", "TypeSql.DbTests\TypeSql.DbTests.csproj", "{1D73326C-4B43-4683-BDEF-113C32E30A52}"
EndProject
Project("{F184B08F-C81C-45F6-A57F-5ABD9991F28F}") = "VB.Sample", "VB.Sample\VB.Sample.vbproj", "{B4DF391D-D0D4-4703-9F6B-D6D061C19F4B}"
EndProject
Global
	GlobalSection(SolutionConfigurationPlatforms) = preSolution
		Debug|Any CPU = Debug|Any CPU
		Release|Any CPU = Release|Any CPU
	EndGlobalSection
	GlobalSection(ProjectConfigurationPlatforms) = postSolution
		{0993078F-20AF-4D73-81EA-C85A33402EA5}.Debug|Any CPU.ActiveCfg = Debug|Any CPU
		{0993078F-20AF-4D73-81EA-C85A33402EA5}.Debug|Any CPU.Build.0 = Debug|Any CPU
		{0993078F-20AF-4D73-81EA-C85A33402EA5}.Release|Any CPU.ActiveCfg = Release|Any CPU
		{0993078F-20AF-4D73-81EA-C85A33402EA5}.Release|Any CPU.Build.0 = Release|Any CPU
		{693AE8A4-0D97-4729-BDF6-8FF61544DF8A}.Debug|Any CPU.ActiveCfg = Debug|Any CPU
		{693AE8A4-0D97-4729-BDF6-8FF61544DF8A}.Debug|Any CPU.Build.0 = Debug|Any CPU
		{693AE8A4-0D97-4729-BDF6-8FF61544DF8A}.Release|Any CPU.ActiveCfg = Release|Any CPU
		{693AE8A4-0D97-4729-BDF6-8FF61544DF8A}.Release|Any CPU.Build.0 = Release|Any CPU
		{1D73326C-4B43-4683-BDEF-113C32E30A52}.Debug|Any CPU.ActiveCfg = Debug|Any CPU
		{1D73326C-4B43-4683-BDEF-113C32E30A52}.Debug|Any CPU.Build.0 = Debug|Any CPU
		{1D73326C-4B43-4683-BDEF-113C32E30A52}.Release|Any CPU.ActiveCfg = Release|Any CPU
		{1D73326C-4B43-4683-BDEF-113C32E30A52}.Release|Any CPU.Build.0 = Release|Any CPU
		{B4DF391D-D0D4-4703-9F6B-D6D061C19F4B}.Debug|Any CPU.ActiveCfg = Debug|Any CPU
		{B4DF391D-D0D4-4703-9F6B-D6D061C19F4B}.Debug|Any CPU.Build.0 = Debug|Any CPU
		{B4DF391D-D0D4-4703-9F6B-D6D061C19F4B}.Release|Any CPU.ActiveCfg = Release|Any CPU
		{B4DF391D-D0D4-4703-9F6B-D6D061C19F4B}.Release|Any CPU.Build.0 = Release|Any CPU
	EndGlobalSection
	GlobalSection(SolutionProperties) = preSolution
		HideSolutionNode = FALSE
	EndGlobalSection
	GlobalSection(NestedProjects) = preSolution
		{693AE8A4-0D97-4729-BDF6-8FF61544DF8A} = {4916D545-5CDC-456D-9D9A-C0DDFE1E7F19}
		{1D73326C-4B43-4683-BDEF-113C32E30A52} = {4916D545-5CDC-456D-9D9A-C0DDFE1E7F19}
	EndGlobalSection
EndGlobal
